// !$*UTF8*$!
{
	archiveVersion = 1;
	classes = {
	};
	objectVersion = 50;
	objects = {

/* Begin PBXBuildFile section */
		7426312C259967200086A2D2 /* NORouterDelegate.swift in Sources */ = {isa = PBXBuildFile; fileRef = 7426312B2599671F0086A2D2 /* NORouterDelegate.swift */; };
		7426312F259969740086A2D2 /* NORouterSubscriber.swift in Sources */ = {isa = PBXBuildFile; fileRef = 7426312E259969740086A2D2 /* NORouterSubscriber.swift */; };
		74354A9A2592CF6200219FBC /* NORouterLayout.framework in Frameworks */ = {isa = PBXBuildFile; fileRef = 74D234C8250868210055866F /* NORouterLayout.framework */; };
		74354A9B2592CF6200219FBC /* NORouterLayout.framework in Embed Frameworks */ = {isa = PBXBuildFile; fileRef = 74D234C8250868210055866F /* NORouterLayout.framework */; settings = {ATTRIBUTES = (CodeSignOnCopy, RemoveHeadersOnCopy, ); }; };
		7445991E2536E2F10015FDC7 /* SampleApp.swift in Sources */ = {isa = PBXBuildFile; fileRef = 7445991D2536E2F10015FDC7 /* SampleApp.swift */; };
		744599202536E2F10015FDC7 /* ContentView.swift in Sources */ = {isa = PBXBuildFile; fileRef = 7445991F2536E2F10015FDC7 /* ContentView.swift */; };
		744599222536E2F40015FDC7 /* Assets.xcassets in Resources */ = {isa = PBXBuildFile; fileRef = 744599212536E2F40015FDC7 /* Assets.xcassets */; };
		744599252536E2F40015FDC7 /* Preview Assets.xcassets in Resources */ = {isa = PBXBuildFile; fileRef = 744599242536E2F40015FDC7 /* Preview Assets.xcassets */; };
		7445992D2536E3650015FDC7 /* Router.swift in Sources */ = {isa = PBXBuildFile; fileRef = 7445992C2536E3650015FDC7 /* Router.swift */; };
		744599352536E3A00015FDC7 /* SheetView.swift in Sources */ = {isa = PBXBuildFile; fileRef = 744599342536E3A00015FDC7 /* SheetView.swift */; };
		744599392536E3BB0015FDC7 /* PresentView.swift in Sources */ = {isa = PBXBuildFile; fileRef = 744599382536E3BB0015FDC7 /* PresentView.swift */; };
		744599432536E48E0015FDC7 /* NORouterLayout.framework in Frameworks */ = {isa = PBXBuildFile; fileRef = 74D234C8250868210055866F /* NORouterLayout.framework */; };
		744599442536E48E0015FDC7 /* NORouterLayout.framework in Embed Frameworks */ = {isa = PBXBuildFile; fileRef = 74D234C8250868210055866F /* NORouterLayout.framework */; settings = {ATTRIBUTES = (CodeSignOnCopy, RemoveHeadersOnCopy, ); }; };
		74568B802590A11000B08FD0 /* AppDelegate.swift in Sources */ = {isa = PBXBuildFile; fileRef = 74568B7F2590A11000B08FD0 /* AppDelegate.swift */; };
		74568B822590A11000B08FD0 /* SceneDelegate.swift in Sources */ = {isa = PBXBuildFile; fileRef = 74568B812590A11000B08FD0 /* SceneDelegate.swift */; };
		74568B842590A11000B08FD0 /* ContentView.swift in Sources */ = {isa = PBXBuildFile; fileRef = 74568B832590A11000B08FD0 /* ContentView.swift */; };
		74568B862590A11100B08FD0 /* Assets.xcassets in Resources */ = {isa = PBXBuildFile; fileRef = 74568B852590A11100B08FD0 /* Assets.xcassets */; };
		74568B892590A11100B08FD0 /* Preview Assets.xcassets in Resources */ = {isa = PBXBuildFile; fileRef = 74568B882590A11100B08FD0 /* Preview Assets.xcassets */; };
		74568B8C2590A11100B08FD0 /* LaunchScreen.storyboard in Resources */ = {isa = PBXBuildFile; fileRef = 74568B8A2590A11100B08FD0 /* LaunchScreen.storyboard */; };
		74568B962590A13800B08FD0 /* MainView.swift in Sources */ = {isa = PBXBuildFile; fileRef = 744599302536E38B0015FDC7 /* MainView.swift */; };
		74568B9A2590A15800B08FD0 /* SheetView.swift in Sources */ = {isa = PBXBuildFile; fileRef = 74568B992590A15800B08FD0 /* SheetView.swift */; };
		74568BA02590A17600B08FD0 /* Router.swift in Sources */ = {isa = PBXBuildFile; fileRef = 74568B9F2590A17600B08FD0 /* Router.swift */; };
		74568BA62590A18A00B08FD0 /* PresentView.swift in Sources */ = {isa = PBXBuildFile; fileRef = 74568BA52590A18A00B08FD0 /* PresentView.swift */; };
		74568BAA2590A19900B08FD0 /* MainView.swift in Sources */ = {isa = PBXBuildFile; fileRef = 74568BA92590A19900B08FD0 /* MainView.swift */; };
		748A59352536C2D800983267 /* RouterType.swift in Sources */ = {isa = PBXBuildFile; fileRef = 748A59342536C2D800983267 /* RouterType.swift */; };
		74D234CD250868210055866F /* NORouterLayout.h in Headers */ = {isa = PBXBuildFile; fileRef = 74D234CB250868210055866F /* NORouterLayout.h */; settings = {ATTRIBUTES = (Public, ); }; };
		74D234D4250869B60055866F /* NOContentView.swift in Sources */ = {isa = PBXBuildFile; fileRef = 74D234D3250869B60055866F /* NOContentView.swift */; };
		74D234D8250876670055866F /* NORouterViewModel.swift in Sources */ = {isa = PBXBuildFile; fileRef = 74D234D7250876670055866F /* NORouterViewModel.swift */; };
		74E85BB9255E22B900FB1A65 /* SizePreferenceKey.swift in Sources */ = {isa = PBXBuildFile; fileRef = 74E85BB8255E22B800FB1A65 /* SizePreferenceKey.swift */; };
		74E981F1258CA5210046B3A9 /* NOEnvironmentObjectStorage.swift in Sources */ = {isa = PBXBuildFile; fileRef = 74E981F0258CA5210046B3A9 /* NOEnvironmentObjectStorage.swift */; };
		74E981F4258CAEC00046B3A9 /* NORouterOverModifier.swift in Sources */ = {isa = PBXBuildFile; fileRef = 74E981F3258CAEC00046B3A9 /* NORouterOverModifier.swift */; };
		74EDA3762536D8520063F7C2 /* NONavigationBar.swift in Sources */ = {isa = PBXBuildFile; fileRef = 74EDA3752536D8520063F7C2 /* NONavigationBar.swift */; };
		74F6BFD7257E1017009D42C1 /* SceneView.swift in Sources */ = {isa = PBXBuildFile; fileRef = 74F6BFD6257E1017009D42C1 /* SceneView.swift */; };
/* End PBXBuildFile section */

/* Begin PBXContainerItemProxy section */
		74354A9C2592CF6200219FBC /* PBXContainerItemProxy */ = {
			isa = PBXContainerItemProxy;
			containerPortal = 74D234BF250868210055866F /* Project object */;
			proxyType = 1;
			remoteGlobalIDString = 74D234C7250868210055866F;
			remoteInfo = NORouterLayout;
		};
		744599452536E48E0015FDC7 /* PBXContainerItemProxy */ = {
			isa = PBXContainerItemProxy;
			containerPortal = 74D234BF250868210055866F /* Project object */;
			proxyType = 1;
			remoteGlobalIDString = 74D234C7250868210055866F;
			remoteInfo = NORouterLayout;
		};
/* End PBXContainerItemProxy section */

/* Begin PBXCopyFilesBuildPhase section */
		74354A9E2592CF6200219FBC /* Embed Frameworks */ = {
			isa = PBXCopyFilesBuildPhase;
			buildActionMask = 2147483647;
			dstPath = "";
			dstSubfolderSpec = 10;
			files = (
				74354A9B2592CF6200219FBC /* NORouterLayout.framework in Embed Frameworks */,
			);
			name = "Embed Frameworks";
			runOnlyForDeploymentPostprocessing = 0;
		};
		744599472536E48E0015FDC7 /* Embed Frameworks */ = {
			isa = PBXCopyFilesBuildPhase;
			buildActionMask = 2147483647;
			dstPath = "";
			dstSubfolderSpec = 10;
			files = (
				744599442536E48E0015FDC7 /* NORouterLayout.framework in Embed Frameworks */,
			);
			name = "Embed Frameworks";
			runOnlyForDeploymentPostprocessing = 0;
		};
/* End PBXCopyFilesBuildPhase section */

/* Begin PBXFileReference section */
		7426312B2599671F0086A2D2 /* NORouterDelegate.swift */ = {isa = PBXFileReference; lastKnownFileType = sourcecode.swift; path = NORouterDelegate.swift; sourceTree = "<group>"; };
		7426312E259969740086A2D2 /* NORouterSubscriber.swift */ = {isa = PBXFileReference; lastKnownFileType = sourcecode.swift; path = NORouterSubscriber.swift; sourceTree = "<group>"; };
		7445991B2536E2F00015FDC7 /* Sample.app */ = {isa = PBXFileReference; explicitFileType = wrapper.application; includeInIndex = 0; path = Sample.app; sourceTree = BUILT_PRODUCTS_DIR; };
		7445991D2536E2F10015FDC7 /* SampleApp.swift */ = {isa = PBXFileReference; lastKnownFileType = sourcecode.swift; path = SampleApp.swift; sourceTree = "<group>"; };
		7445991F2536E2F10015FDC7 /* ContentView.swift */ = {isa = PBXFileReference; lastKnownFileType = sourcecode.swift; path = ContentView.swift; sourceTree = "<group>"; };
		744599212536E2F40015FDC7 /* Assets.xcassets */ = {isa = PBXFileReference; lastKnownFileType = folder.assetcatalog; path = Assets.xcassets; sourceTree = "<group>"; };
		744599242536E2F40015FDC7 /* Preview Assets.xcassets */ = {isa = PBXFileReference; lastKnownFileType = folder.assetcatalog; path = "Preview Assets.xcassets"; sourceTree = "<group>"; };
		744599262536E2F40015FDC7 /* Info.plist */ = {isa = PBXFileReference; lastKnownFileType = text.plist.xml; path = Info.plist; sourceTree = "<group>"; };
		7445992C2536E3650015FDC7 /* Router.swift */ = {isa = PBXFileReference; lastKnownFileType = sourcecode.swift; path = Router.swift; sourceTree = "<group>"; };
		744599302536E38B0015FDC7 /* MainView.swift */ = {isa = PBXFileReference; lastKnownFileType = sourcecode.swift; path = MainView.swift; sourceTree = "<group>"; };
		744599342536E3A00015FDC7 /* SheetView.swift */ = {isa = PBXFileReference; lastKnownFileType = sourcecode.swift; path = SheetView.swift; sourceTree = "<group>"; };
		744599382536E3BB0015FDC7 /* PresentView.swift */ = {isa = PBXFileReference; lastKnownFileType = sourcecode.swift; path = PresentView.swift; sourceTree = "<group>"; };
		74568B7D2590A11000B08FD0 /* Sample2.app */ = {isa = PBXFileReference; explicitFileType = wrapper.application; includeInIndex = 0; path = Sample2.app; sourceTree = BUILT_PRODUCTS_DIR; };
		74568B7F2590A11000B08FD0 /* AppDelegate.swift */ = {isa = PBXFileReference; lastKnownFileType = sourcecode.swift; path = AppDelegate.swift; sourceTree = "<group>"; };
		74568B812590A11000B08FD0 /* SceneDelegate.swift */ = {isa = PBXFileReference; lastKnownFileType = sourcecode.swift; path = SceneDelegate.swift; sourceTree = "<group>"; };
		74568B832590A11000B08FD0 /* ContentView.swift */ = {isa = PBXFileReference; lastKnownFileType = sourcecode.swift; path = ContentView.swift; sourceTree = "<group>"; };
		74568B852590A11100B08FD0 /* Assets.xcassets */ = {isa = PBXFileReference; lastKnownFileType = folder.assetcatalog; path = Assets.xcassets; sourceTree = "<group>"; };
		74568B882590A11100B08FD0 /* Preview Assets.xcassets */ = {isa = PBXFileReference; lastKnownFileType = folder.assetcatalog; path = "Preview Assets.xcassets"; sourceTree = "<group>"; };
		74568B8B2590A11100B08FD0 /* Base */ = {isa = PBXFileReference; lastKnownFileType = file.storyboard; name = Base; path = Base.lproj/LaunchScreen.storyboard; sourceTree = "<group>"; };
		74568B8D2590A11100B08FD0 /* Info.plist */ = {isa = PBXFileReference; lastKnownFileType = text.plist.xml; path = Info.plist; sourceTree = "<group>"; };
		74568B992590A15800B08FD0 /* SheetView.swift */ = {isa = PBXFileReference; lastKnownFileType = sourcecode.swift; path = SheetView.swift; sourceTree = "<group>"; };
		74568B9F2590A17600B08FD0 /* Router.swift */ = {isa = PBXFileReference; lastKnownFileType = sourcecode.swift; path = Router.swift; sourceTree = "<group>"; };
		74568BA52590A18A00B08FD0 /* PresentView.swift */ = {isa = PBXFileReference; lastKnownFileType = sourcecode.swift; path = PresentView.swift; sourceTree = "<group>"; };
		74568BA92590A19900B08FD0 /* MainView.swift */ = {isa = PBXFileReference; lastKnownFileType = sourcecode.swift; path = MainView.swift; sourceTree = "<group>"; };
		748A59342536C2D800983267 /* RouterType.swift */ = {isa = PBXFileReference; lastKnownFileType = sourcecode.swift; path = RouterType.swift; sourceTree = "<group>"; };
		74D234C8250868210055866F /* NORouterLayout.framework */ = {isa = PBXFileReference; explicitFileType = wrapper.framework; includeInIndex = 0; path = NORouterLayout.framework; sourceTree = BUILT_PRODUCTS_DIR; };
		74D234CB250868210055866F /* NORouterLayout.h */ = {isa = PBXFileReference; lastKnownFileType = sourcecode.c.h; path = NORouterLayout.h; sourceTree = "<group>"; };
		74D234CC250868210055866F /* Info.plist */ = {isa = PBXFileReference; lastKnownFileType = text.plist.xml; path = Info.plist; sourceTree = "<group>"; };
		74D234D3250869B60055866F /* NOContentView.swift */ = {isa = PBXFileReference; lastKnownFileType = sourcecode.swift; path = NOContentView.swift; sourceTree = "<group>"; };
		74D234D7250876670055866F /* NORouterViewModel.swift */ = {isa = PBXFileReference; lastKnownFileType = sourcecode.swift; path = NORouterViewModel.swift; sourceTree = "<group>"; };
		74E85BB8255E22B800FB1A65 /* SizePreferenceKey.swift */ = {isa = PBXFileReference; lastKnownFileType = sourcecode.swift; path = SizePreferenceKey.swift; sourceTree = "<group>"; };
		74E981F0258CA5210046B3A9 /* NOEnvironmentObjectStorage.swift */ = {isa = PBXFileReference; lastKnownFileType = sourcecode.swift; path = NOEnvironmentObjectStorage.swift; sourceTree = "<group>"; };
		74E981F3258CAEC00046B3A9 /* NORouterOverModifier.swift */ = {isa = PBXFileReference; lastKnownFileType = sourcecode.swift; path = NORouterOverModifier.swift; sourceTree = "<group>"; };
		74EDA3752536D8520063F7C2 /* NONavigationBar.swift */ = {isa = PBXFileReference; lastKnownFileType = sourcecode.swift; path = NONavigationBar.swift; sourceTree = "<group>"; };
		74F6BFD6257E1017009D42C1 /* SceneView.swift */ = {isa = PBXFileReference; lastKnownFileType = sourcecode.swift; path = SceneView.swift; sourceTree = "<group>"; };
/* End PBXFileReference section */

/* Begin PBXFrameworksBuildPhase section */
		744599182536E2F00015FDC7 /* Frameworks */ = {
			isa = PBXFrameworksBuildPhase;
			buildActionMask = 2147483647;
			files = (
				744599432536E48E0015FDC7 /* NORouterLayout.framework in Frameworks */,
			);
			runOnlyForDeploymentPostprocessing = 0;
		};
		74568B7A2590A11000B08FD0 /* Frameworks */ = {
			isa = PBXFrameworksBuildPhase;
			buildActionMask = 2147483647;
			files = (
				74354A9A2592CF6200219FBC /* NORouterLayout.framework in Frameworks */,
			);
			runOnlyForDeploymentPostprocessing = 0;
		};
		74D234C5250868210055866F /* Frameworks */ = {
			isa = PBXFrameworksBuildPhase;
			buildActionMask = 2147483647;
			files = (
			);
			runOnlyForDeploymentPostprocessing = 0;
		};
/* End PBXFrameworksBuildPhase section */

/* Begin PBXGroup section */
		7445991C2536E2F00015FDC7 /* Sample */ = {
			isa = PBXGroup;
			children = (
				744599212536E2F40015FDC7 /* Assets.xcassets */,
				7445991F2536E2F10015FDC7 /* ContentView.swift */,
				744599262536E2F40015FDC7 /* Info.plist */,
				744599302536E38B0015FDC7 /* MainView.swift */,
				744599382536E3BB0015FDC7 /* PresentView.swift */,
				744599232536E2F40015FDC7 /* Preview Content */,
				7445992C2536E3650015FDC7 /* Router.swift */,
				7445991D2536E2F10015FDC7 /* SampleApp.swift */,
				744599342536E3A00015FDC7 /* SheetView.swift */,
			);
			path = Sample;
			sourceTree = "<group>";
		};
		744599232536E2F40015FDC7 /* Preview Content */ = {
			isa = PBXGroup;
			children = (
				744599242536E2F40015FDC7 /* Preview Assets.xcassets */,
			);
			path = "Preview Content";
			sourceTree = "<group>";
		};
		744599422536E48E0015FDC7 /* Frameworks */ = {
			isa = PBXGroup;
			children = (
			);
			name = Frameworks;
			sourceTree = "<group>";
		};
		74568B7E2590A11000B08FD0 /* Sample2 */ = {
			isa = PBXGroup;
			children = (
				74568B7F2590A11000B08FD0 /* AppDelegate.swift */,
				74568B852590A11100B08FD0 /* Assets.xcassets */,
				74568B832590A11000B08FD0 /* ContentView.swift */,
				74568B8D2590A11100B08FD0 /* Info.plist */,
				74568B8A2590A11100B08FD0 /* LaunchScreen.storyboard */,
				74568B872590A11100B08FD0 /* Preview Content */,
				74568B812590A11000B08FD0 /* SceneDelegate.swift */,
				74568B992590A15800B08FD0 /* SheetView.swift */,
				74568B9F2590A17600B08FD0 /* Router.swift */,
				74568BA52590A18A00B08FD0 /* PresentView.swift */,
				74568BA92590A19900B08FD0 /* MainView.swift */,
			);
			path = Sample2;
			sourceTree = "<group>";
		};
		74568B872590A11100B08FD0 /* Preview Content */ = {
			isa = PBXGroup;
			children = (
				74568B882590A11100B08FD0 /* Preview Assets.xcassets */,
			);
			path = "Preview Content";
			sourceTree = "<group>";
		};
		74D234BE250868210055866F = {
			isa = PBXGroup;
			children = (
				744599422536E48E0015FDC7 /* Frameworks */,
				74D234CA250868210055866F /* NORouterLayout */,
				74D234C9250868210055866F /* Products */,
				7445991C2536E2F00015FDC7 /* Sample */,
				74568B7E2590A11000B08FD0 /* Sample2 */,
			);
			sourceTree = "<group>";
		};
		74D234C9250868210055866F /* Products */ = {
			isa = PBXGroup;
			children = (
				74D234C8250868210055866F /* NORouterLayout.framework */,
				7445991B2536E2F00015FDC7 /* Sample.app */,
				74568B7D2590A11000B08FD0 /* Sample2.app */,
			);
			name = Products;
			sourceTree = "<group>";
		};
		74D234CA250868210055866F /* NORouterLayout */ = {
			isa = PBXGroup;
			children = (
				74D234CC250868210055866F /* Info.plist */,
				74F6BFD6257E1017009D42C1 /* SceneView.swift */,
				74D234D3250869B60055866F /* NOContentView.swift */,
				74E981F0258CA5210046B3A9 /* NOEnvironmentObjectStorage.swift */,
				74EDA3752536D8520063F7C2 /* NONavigationBar.swift */,
				74D234CB250868210055866F /* NORouterLayout.h */,
				74E981F3258CAEC00046B3A9 /* NORouterOverModifier.swift */,
				74D234D7250876670055866F /* NORouterViewModel.swift */,
				748A59342536C2D800983267 /* RouterType.swift */,
				74E85BB8255E22B800FB1A65 /* SizePreferenceKey.swift */,
				7426312B2599671F0086A2D2 /* NORouterDelegate.swift */,
				7426312E259969740086A2D2 /* NORouterSubscriber.swift */,
			);
			path = NORouterLayout;
			sourceTree = "<group>";
		};
/* End PBXGroup section */

/* Begin PBXHeadersBuildPhase section */
		74D234C3250868210055866F /* Headers */ = {
			isa = PBXHeadersBuildPhase;
			buildActionMask = 2147483647;
			files = (
				74D234CD250868210055866F /* NORouterLayout.h in Headers */,
			);
			runOnlyForDeploymentPostprocessing = 0;
		};
/* End PBXHeadersBuildPhase section */

/* Begin PBXNativeTarget section */
		7445991A2536E2F00015FDC7 /* Sample */ = {
			isa = PBXNativeTarget;
			buildConfigurationList = 744599292536E2F40015FDC7 /* Build configuration list for PBXNativeTarget "Sample" */;
			buildPhases = (
				744599172536E2F00015FDC7 /* Sources */,
				744599182536E2F00015FDC7 /* Frameworks */,
				744599192536E2F00015FDC7 /* Resources */,
				744599472536E48E0015FDC7 /* Embed Frameworks */,
			);
			buildRules = (
			);
			dependencies = (
				744599462536E48E0015FDC7 /* PBXTargetDependency */,
			);
			name = Sample;
			productName = Sample;
			productReference = 7445991B2536E2F00015FDC7 /* Sample.app */;
			productType = "com.apple.product-type.application";
		};
		74568B7C2590A11000B08FD0 /* Sample2 */ = {
			isa = PBXNativeTarget;
			buildConfigurationList = 74568B8E2590A11100B08FD0 /* Build configuration list for PBXNativeTarget "Sample2" */;
			buildPhases = (
				74568B792590A11000B08FD0 /* Sources */,
				74568B7A2590A11000B08FD0 /* Frameworks */,
				74568B7B2590A11000B08FD0 /* Resources */,
				74354A9E2592CF6200219FBC /* Embed Frameworks */,
			);
			buildRules = (
			);
			dependencies = (
				74354A9D2592CF6200219FBC /* PBXTargetDependency */,
			);
			name = Sample2;
			productName = Sample2;
			productReference = 74568B7D2590A11000B08FD0 /* Sample2.app */;
			productType = "com.apple.product-type.application";
		};
		74D234C7250868210055866F /* NORouterLayout */ = {
			isa = PBXNativeTarget;
			buildConfigurationList = 74D234D0250868210055866F /* Build configuration list for PBXNativeTarget "NORouterLayout" */;
			buildPhases = (
				74D234C3250868210055866F /* Headers */,
				74D234C4250868210055866F /* Sources */,
				74D234C5250868210055866F /* Frameworks */,
				74D234C6250868210055866F /* Resources */,
			);
			buildRules = (
			);
			dependencies = (
			);
			name = NORouterLayout;
			productName = NORouterLayout;
			productReference = 74D234C8250868210055866F /* NORouterLayout.framework */;
			productType = "com.apple.product-type.framework";
		};
/* End PBXNativeTarget section */

/* Begin PBXProject section */
		74D234BF250868210055866F /* Project object */ = {
			isa = PBXProject;
			attributes = {
				LastSwiftUpdateCheck = 1230;
				LastUpgradeCheck = 1230;
				ORGANIZATIONNAME = NeetOffice;
				TargetAttributes = {
					7445991A2536E2F00015FDC7 = {
						CreatedOnToolsVersion = 12.0.1;
					};
					74568B7C2590A11000B08FD0 = {
						CreatedOnToolsVersion = 12.3;
					};
					74D234C7250868210055866F = {
						CreatedOnToolsVersion = 11.7;
						LastSwiftMigration = 1170;
					};
				};
			};
			buildConfigurationList = 74D234C2250868210055866F /* Build configuration list for PBXProject "NORouterLayout" */;
			compatibilityVersion = "Xcode 9.3";
			developmentRegion = en;
			hasScannedForEncodings = 0;
			knownRegions = (
				en,
				Base,
			);
			mainGroup = 74D234BE250868210055866F;
			productRefGroup = 74D234C9250868210055866F /* Products */;
			projectDirPath = "";
			projectRoot = "";
			targets = (
				74D234C7250868210055866F /* NORouterLayout */,
				7445991A2536E2F00015FDC7 /* Sample */,
				74568B7C2590A11000B08FD0 /* Sample2 */,
			);
		};
/* End PBXProject section */

/* Begin PBXResourcesBuildPhase section */
		744599192536E2F00015FDC7 /* Resources */ = {
			isa = PBXResourcesBuildPhase;
			buildActionMask = 2147483647;
			files = (
				744599252536E2F40015FDC7 /* Preview Assets.xcassets in Resources */,
				744599222536E2F40015FDC7 /* Assets.xcassets in Resources */,
			);
			runOnlyForDeploymentPostprocessing = 0;
		};
		74568B7B2590A11000B08FD0 /* Resources */ = {
			isa = PBXResourcesBuildPhase;
			buildActionMask = 2147483647;
			files = (
				74568B8C2590A11100B08FD0 /* LaunchScreen.storyboard in Resources */,
				74568B892590A11100B08FD0 /* Preview Assets.xcassets in Resources */,
				74568B862590A11100B08FD0 /* Assets.xcassets in Resources */,
			);
			runOnlyForDeploymentPostprocessing = 0;
		};
		74D234C6250868210055866F /* Resources */ = {
			isa = PBXResourcesBuildPhase;
			buildActionMask = 2147483647;
			files = (
			);
			runOnlyForDeploymentPostprocessing = 0;
		};
/* End PBXResourcesBuildPhase section */

/* Begin PBXSourcesBuildPhase section */
		744599172536E2F00015FDC7 /* Sources */ = {
			isa = PBXSourcesBuildPhase;
			buildActionMask = 2147483647;
			files = (
				744599202536E2F10015FDC7 /* ContentView.swift in Sources */,
				74568B962590A13800B08FD0 /* MainView.swift in Sources */,
				744599352536E3A00015FDC7 /* SheetView.swift in Sources */,
				7445992D2536E3650015FDC7 /* Router.swift in Sources */,
				744599392536E3BB0015FDC7 /* PresentView.swift in Sources */,
				7445991E2536E2F10015FDC7 /* SampleApp.swift in Sources */,
			);
			runOnlyForDeploymentPostprocessing = 0;
		};
		74568B792590A11000B08FD0 /* Sources */ = {
			isa = PBXSourcesBuildPhase;
			buildActionMask = 2147483647;
			files = (
				74568B802590A11000B08FD0 /* AppDelegate.swift in Sources */,
				74568BAA2590A19900B08FD0 /* MainView.swift in Sources */,
				74568B822590A11000B08FD0 /* SceneDelegate.swift in Sources */,
				74568BA02590A17600B08FD0 /* Router.swift in Sources */,
				74568B9A2590A15800B08FD0 /* SheetView.swift in Sources */,
				74568BA62590A18A00B08FD0 /* PresentView.swift in Sources */,
				74568B842590A11000B08FD0 /* ContentView.swift in Sources */,
			);
			runOnlyForDeploymentPostprocessing = 0;
		};
		74D234C4250868210055866F /* Sources */ = {
			isa = PBXSourcesBuildPhase;
			buildActionMask = 2147483647;
			files = (
				7426312C259967200086A2D2 /* NORouterDelegate.swift in Sources */,
				74E981F1258CA5210046B3A9 /* NOEnvironmentObjectStorage.swift in Sources */,
				74D234D8250876670055866F /* NORouterViewModel.swift in Sources */,
				7426312F259969740086A2D2 /* NORouterSubscriber.swift in Sources */,
				74E981F4258CAEC00046B3A9 /* NORouterOverModifier.swift in Sources */,
				74D234D4250869B60055866F /* NOContentView.swift in Sources */,
				74F6BFD7257E1017009D42C1 /* SceneView.swift in Sources */,
				748A59352536C2D800983267 /* RouterType.swift in Sources */,
				74EDA3762536D8520063F7C2 /* NONavigationBar.swift in Sources */,
				74E85BB9255E22B900FB1A65 /* SizePreferenceKey.swift in Sources */,
			);
			runOnlyForDeploymentPostprocessing = 0;
		};
/* End PBXSourcesBuildPhase section */

/* Begin PBXTargetDependency section */
		74354A9D2592CF6200219FBC /* PBXTargetDependency */ = {
			isa = PBXTargetDependency;
			target = 74D234C7250868210055866F /* NORouterLayout */;
			targetProxy = 74354A9C2592CF6200219FBC /* PBXContainerItemProxy */;
		};
		744599462536E48E0015FDC7 /* PBXTargetDependency */ = {
			isa = PBXTargetDependency;
			target = 74D234C7250868210055866F /* NORouterLayout */;
			targetProxy = 744599452536E48E0015FDC7 /* PBXContainerItemProxy */;
		};
/* End PBXTargetDependency section */

/* Begin PBXVariantGroup section */
		74568B8A2590A11100B08FD0 /* LaunchScreen.storyboard */ = {
			isa = PBXVariantGroup;
			children = (
				74568B8B2590A11100B08FD0 /* Base */,
			);
			name = LaunchScreen.storyboard;
			sourceTree = "<group>";
		};
/* End PBXVariantGroup section */

/* Begin XCBuildConfiguration section */
		744599272536E2F40015FDC7 /* Debug */ = {
			isa = XCBuildConfiguration;
			buildSettings = {
				ASSETCATALOG_COMPILER_APPICON_NAME = AppIcon;
				ASSETCATALOG_COMPILER_GLOBAL_ACCENT_COLOR_NAME = AccentColor;
				CLANG_WARN_QUOTED_INCLUDE_IN_FRAMEWORK_HEADER = YES;
				CODE_SIGN_STYLE = Automatic;
				DEVELOPMENT_ASSET_PATHS = "\"Sample/Preview Content\"";
				DEVELOPMENT_TEAM = 9P8K2M27J8;
				ENABLE_PREVIEWS = YES;
				INFOPLIST_FILE = Sample/Info.plist;
				IPHONEOS_DEPLOYMENT_TARGET = 14.0;
				LD_RUNPATH_SEARCH_PATHS = (
					"$(inherited)",
					"@executable_path/Frameworks",
				);
				PRODUCT_BUNDLE_IDENTIFIER = com.chainmeans.app.ensoul.norouterlayout.Sample;
				PRODUCT_NAME = "$(TARGET_NAME)";
				SWIFT_VERSION = 5.0;
				TARGETED_DEVICE_FAMILY = "1,2";
			};
			name = Debug;
		};
		744599282536E2F40015FDC7 /* Release */ = {
			isa = XCBuildConfiguration;
			buildSettings = {
				ASSETCATALOG_COMPILER_APPICON_NAME = AppIcon;
				ASSETCATALOG_COMPILER_GLOBAL_ACCENT_COLOR_NAME = AccentColor;
				CLANG_WARN_QUOTED_INCLUDE_IN_FRAMEWORK_HEADER = YES;
				CODE_SIGN_STYLE = Automatic;
				DEVELOPMENT_ASSET_PATHS = "\"Sample/Preview Content\"";
				DEVELOPMENT_TEAM = 9P8K2M27J8;
				ENABLE_PREVIEWS = YES;
				INFOPLIST_FILE = Sample/Info.plist;
				IPHONEOS_DEPLOYMENT_TARGET = 14.0;
				LD_RUNPATH_SEARCH_PATHS = (
					"$(inherited)",
					"@executable_path/Frameworks",
				);
				PRODUCT_BUNDLE_IDENTIFIER = com.chainmeans.app.ensoul.norouterlayout.Sample;
				PRODUCT_NAME = "$(TARGET_NAME)";
				SWIFT_VERSION = 5.0;
				TARGETED_DEVICE_FAMILY = "1,2";
			};
			name = Release;
		};
		74568B8F2590A11100B08FD0 /* Debug */ = {
			isa = XCBuildConfiguration;
			buildSettings = {
				ASSETCATALOG_COMPILER_APPICON_NAME = AppIcon;
				ASSETCATALOG_COMPILER_GLOBAL_ACCENT_COLOR_NAME = AccentColor;
				CODE_SIGN_STYLE = Automatic;
				DEVELOPMENT_ASSET_PATHS = "\"Sample2/Preview Content\"";
				ENABLE_PREVIEWS = YES;
				INFOPLIST_FILE = Sample2/Info.plist;
				IPHONEOS_DEPLOYMENT_TARGET = 13.1;
				LD_RUNPATH_SEARCH_PATHS = (
					"$(inherited)",
					"@executable_path/Frameworks",
				);
				PRODUCT_BUNDLE_IDENTIFIER = com.chainmeans.library.ensoul.ESAdvertising.Sample2;
				PRODUCT_NAME = "$(TARGET_NAME)";
				SWIFT_VERSION = 5.0;
				TARGETED_DEVICE_FAMILY = "1,2";
			};
			name = Debug;
		};
		74568B902590A11100B08FD0 /* Release */ = {
			isa = XCBuildConfiguration;
			buildSettings = {
				ASSETCATALOG_COMPILER_APPICON_NAME = AppIcon;
				ASSETCATALOG_COMPILER_GLOBAL_ACCENT_COLOR_NAME = AccentColor;
				CODE_SIGN_STYLE = Automatic;
				DEVELOPMENT_ASSET_PATHS = "\"Sample2/Preview Content\"";
				ENABLE_PREVIEWS = YES;
				INFOPLIST_FILE = Sample2/Info.plist;
				IPHONEOS_DEPLOYMENT_TARGET = 13.1;
				LD_RUNPATH_SEARCH_PATHS = (
					"$(inherited)",
					"@executable_path/Frameworks",
				);
				PRODUCT_BUNDLE_IDENTIFIER = com.chainmeans.library.ensoul.ESAdvertising.Sample2;
				PRODUCT_NAME = "$(TARGET_NAME)";
				SWIFT_VERSION = 5.0;
				TARGETED_DEVICE_FAMILY = "1,2";
			};
			name = Release;
		};
		74D234CE250868210055866F /* Debug */ = {
			isa = XCBuildConfiguration;
			buildSettings = {
				ALWAYS_SEARCH_USER_PATHS = NO;
				CLANG_ANALYZER_NONNULL = YES;
				CLANG_ANALYZER_NUMBER_OBJECT_CONVERSION = YES_AGGRESSIVE;
				CLANG_CXX_LANGUAGE_STANDARD = "gnu++14";
				CLANG_CXX_LIBRARY = "libc++";
				CLANG_ENABLE_MODULES = YES;
				CLANG_ENABLE_OBJC_ARC = YES;
				CLANG_ENABLE_OBJC_WEAK = YES;
				CLANG_WARN_BLOCK_CAPTURE_AUTORELEASING = YES;
				CLANG_WARN_BOOL_CONVERSION = YES;
				CLANG_WARN_COMMA = YES;
				CLANG_WARN_CONSTANT_CONVERSION = YES;
				CLANG_WARN_DEPRECATED_OBJC_IMPLEMENTATIONS = YES;
				CLANG_WARN_DIRECT_OBJC_ISA_USAGE = YES_ERROR;
				CLANG_WARN_DOCUMENTATION_COMMENTS = YES;
				CLANG_WARN_EMPTY_BODY = YES;
				CLANG_WARN_ENUM_CONVERSION = YES;
				CLANG_WARN_INFINITE_RECURSION = YES;
				CLANG_WARN_INT_CONVERSION = YES;
				CLANG_WARN_NON_LITERAL_NULL_CONVERSION = YES;
				CLANG_WARN_OBJC_IMPLICIT_RETAIN_SELF = YES;
				CLANG_WARN_OBJC_LITERAL_CONVERSION = YES;
				CLANG_WARN_OBJC_ROOT_CLASS = YES_ERROR;
				CLANG_WARN_QUOTED_INCLUDE_IN_FRAMEWORK_HEADER = YES;
				CLANG_WARN_RANGE_LOOP_ANALYSIS = YES;
				CLANG_WARN_STRICT_PROTOTYPES = YES;
				CLANG_WARN_SUSPICIOUS_MOVE = YES;
				CLANG_WARN_UNGUARDED_AVAILABILITY = YES_AGGRESSIVE;
				CLANG_WARN_UNREACHABLE_CODE = YES;
				CLANG_WARN__DUPLICATE_METHOD_MATCH = YES;
				COPY_PHASE_STRIP = NO;
				CURRENT_PROJECT_VERSION = 1;
				DEBUG_INFORMATION_FORMAT = dwarf;
				ENABLE_STRICT_OBJC_MSGSEND = YES;
				ENABLE_TESTABILITY = YES;
				GCC_C_LANGUAGE_STANDARD = gnu11;
				GCC_DYNAMIC_NO_PIC = NO;
				GCC_NO_COMMON_BLOCKS = YES;
				GCC_OPTIMIZATION_LEVEL = 0;
				GCC_PREPROCESSOR_DEFINITIONS = (
					"DEBUG=1",
					"$(inherited)",
				);
				GCC_WARN_64_TO_32_BIT_CONVERSION = YES;
				GCC_WARN_ABOUT_RETURN_TYPE = YES_ERROR;
				GCC_WARN_UNDECLARED_SELECTOR = YES;
				GCC_WARN_UNINITIALIZED_AUTOS = YES_AGGRESSIVE;
				GCC_WARN_UNUSED_FUNCTION = YES;
				GCC_WARN_UNUSED_VARIABLE = YES;
				IPHONEOS_DEPLOYMENT_TARGET = 13.7;
				MTL_ENABLE_DEBUG_INFO = INCLUDE_SOURCE;
				MTL_FAST_MATH = YES;
				ONLY_ACTIVE_ARCH = YES;
				SDKROOT = iphoneos;
				SWIFT_ACTIVE_COMPILATION_CONDITIONS = DEBUG;
				SWIFT_OPTIMIZATION_LEVEL = "-Onone";
				VERSIONING_SYSTEM = "apple-generic";
				VERSION_INFO_PREFIX = "";
			};
			name = Debug;
		};
		74D234CF250868210055866F /* Release */ = {
			isa = XCBuildConfiguration;
			buildSettings = {
				ALWAYS_SEARCH_USER_PATHS = NO;
				CLANG_ANALYZER_NONNULL = YES;
				CLANG_ANALYZER_NUMBER_OBJECT_CONVERSION = YES_AGGRESSIVE;
				CLANG_CXX_LANGUAGE_STANDARD = "gnu++14";
				CLANG_CXX_LIBRARY = "libc++";
				CLANG_ENABLE_MODULES = YES;
				CLANG_ENABLE_OBJC_ARC = YES;
				CLANG_ENABLE_OBJC_WEAK = YES;
				CLANG_WARN_BLOCK_CAPTURE_AUTORELEASING = YES;
				CLANG_WARN_BOOL_CONVERSION = YES;
				CLANG_WARN_COMMA = YES;
				CLANG_WARN_CONSTANT_CONVERSION = YES;
				CLANG_WARN_DEPRECATED_OBJC_IMPLEMENTATIONS = YES;
				CLANG_WARN_DIRECT_OBJC_ISA_USAGE = YES_ERROR;
				CLANG_WARN_DOCUMENTATION_COMMENTS = YES;
				CLANG_WARN_EMPTY_BODY = YES;
				CLANG_WARN_ENUM_CONVERSION = YES;
				CLANG_WARN_INFINITE_RECURSION = YES;
				CLANG_WARN_INT_CONVERSION = YES;
				CLANG_WARN_NON_LITERAL_NULL_CONVERSION = YES;
				CLANG_WARN_OBJC_IMPLICIT_RETAIN_SELF = YES;
				CLANG_WARN_OBJC_LITERAL_CONVERSION = YES;
				CLANG_WARN_OBJC_ROOT_CLASS = YES_ERROR;
				CLANG_WARN_QUOTED_INCLUDE_IN_FRAMEWORK_HEADER = YES;
				CLANG_WARN_RANGE_LOOP_ANALYSIS = YES;
				CLANG_WARN_STRICT_PROTOTYPES = YES;
				CLANG_WARN_SUSPICIOUS_MOVE = YES;
				CLANG_WARN_UNGUARDED_AVAILABILITY = YES_AGGRESSIVE;
				CLANG_WARN_UNREACHABLE_CODE = YES;
				CLANG_WARN__DUPLICATE_METHOD_MATCH = YES;
				COPY_PHASE_STRIP = NO;
				CURRENT_PROJECT_VERSION = 1;
				DEBUG_INFORMATION_FORMAT = "dwarf-with-dsym";
				ENABLE_NS_ASSERTIONS = NO;
				ENABLE_STRICT_OBJC_MSGSEND = YES;
				GCC_C_LANGUAGE_STANDARD = gnu11;
				GCC_NO_COMMON_BLOCKS = YES;
				GCC_WARN_64_TO_32_BIT_CONVERSION = YES;
				GCC_WARN_ABOUT_RETURN_TYPE = YES_ERROR;
				GCC_WARN_UNDECLARED_SELECTOR = YES;
				GCC_WARN_UNINITIALIZED_AUTOS = YES_AGGRESSIVE;
				GCC_WARN_UNUSED_FUNCTION = YES;
				GCC_WARN_UNUSED_VARIABLE = YES;
				IPHONEOS_DEPLOYMENT_TARGET = 13.7;
				MTL_ENABLE_DEBUG_INFO = NO;
				MTL_FAST_MATH = YES;
				SDKROOT = iphoneos;
				SWIFT_COMPILATION_MODE = wholemodule;
				SWIFT_OPTIMIZATION_LEVEL = "-O";
				VALIDATE_PRODUCT = YES;
				VERSIONING_SYSTEM = "apple-generic";
				VERSION_INFO_PREFIX = "";
			};
			name = Release;
		};
		74D234D1250868210055866F /* Debug */ = {
			isa = XCBuildConfiguration;
			buildSettings = {
				CLANG_ENABLE_MODULES = YES;
				CODE_SIGN_STYLE = Automatic;
				DEFINES_MODULE = YES;
				DYLIB_COMPATIBILITY_VERSION = 1;
				DYLIB_CURRENT_VERSION = 1;
				DYLIB_INSTALL_NAME_BASE = "@rpath";
				INFOPLIST_FILE = NORouterLayout/Info.plist;
				INSTALL_PATH = "$(LOCAL_LIBRARY_DIR)/Frameworks";
				IPHONEOS_DEPLOYMENT_TARGET = 13.0;
				LD_RUNPATH_SEARCH_PATHS = (
					"$(inherited)",
					"@executable_path/Frameworks",
					"@loader_path/Frameworks",
				);
				MARKETING_VERSION = 1.2.1;
				PRODUCT_BUNDLE_IDENTIFIER = com.neetoffice.widget.NORouterLayout;
				PRODUCT_NAME = "$(TARGET_NAME:c99extidentifier)";
				SKIP_INSTALL = YES;
				SUPPORTS_MACCATALYST = NO;
				SWIFT_OPTIMIZATION_LEVEL = "-Onone";
				SWIFT_VERSION = 5.0;
				TARGETED_DEVICE_FAMILY = "1,2";
			};
			name = Debug;
		};
		74D234D2250868210055866F /* Release */ = {
			isa = XCBuildConfiguration;
			buildSettings = {
				CLANG_ENABLE_MODULES = YES;
				CODE_SIGN_STYLE = Automatic;
				DEFINES_MODULE = YES;
				DYLIB_COMPATIBILITY_VERSION = 1;
				DYLIB_CURRENT_VERSION = 1;
				DYLIB_INSTALL_NAME_BASE = "@rpath";
				INFOPLIST_FILE = NORouterLayout/Info.plist;
				INSTALL_PATH = "$(LOCAL_LIBRARY_DIR)/Frameworks";
				IPHONEOS_DEPLOYMENT_TARGET = 13.0;
				LD_RUNPATH_SEARCH_PATHS = (
					"$(inherited)",
					"@executable_path/Frameworks",
					"@loader_path/Frameworks",
				);
				MARKETING_VERSION = 1.2.1;
				PRODUCT_BUNDLE_IDENTIFIER = com.neetoffice.widget.NORouterLayout;
				PRODUCT_NAME = "$(TARGET_NAME:c99extidentifier)";
				SKIP_INSTALL = YES;
				SUPPORTS_MACCATALYST = NO;
				SWIFT_VERSION = 5.0;
				TARGETED_DEVICE_FAMILY = "1,2";
			};
			name = Release;
		};
/* End XCBuildConfiguration section */

/* Begin XCConfigurationList section */
		744599292536E2F40015FDC7 /* Build configuration list for PBXNativeTarget "Sample" */ = {
			isa = XCConfigurationList;
			buildConfigurations = (
				744599272536E2F40015FDC7 /* Debug */,
				744599282536E2F40015FDC7 /* Release */,
			);
			defaultConfigurationIsVisible = 0;
			defaultConfigurationName = Release;
		};
		74568B8E2590A11100B08FD0 /* Build configuration list for PBXNativeTarget "Sample2" */ = {
			isa = XCConfigurationList;
			buildConfigurations = (
				74568B8F2590A11100B08FD0 /* Debug */,
				74568B902590A11100B08FD0 /* Release */,
			);
			defaultConfigurationIsVisible = 0;
			defaultConfigurationName = Release;
		};
		74D234C2250868210055866F /* Build configuration list for PBXProject "NORouterLayout" */ = {
			isa = XCConfigurationList;
			buildConfigurations = (
				74D234CE250868210055866F /* Debug */,
				74D234CF250868210055866F /* Release */,
			);
			defaultConfigurationIsVisible = 0;
			defaultConfigurationName = Release;
		};
		74D234D0250868210055866F /* Build configuration list for PBXNativeTarget "NORouterLayout" */ = {
			isa = XCConfigurationList;
			buildConfigurations = (
				74D234D1250868210055866F /* Debug */,
				74D234D2250868210055866F /* Release */,
			);
			defaultConfigurationIsVisible = 0;
			defaultConfigurationName = Release;
		};
/* End XCConfigurationList section */
	};
	rootObject = 74D234BF250868210055866F /* Project object */;
}
